PODS:
  - Bolts/Tasks (1.9.0)
  - Kingfisher (5.1.0)
  - ModuleArchitecture (0.14.2)
  - Parse (1.17.2):
    - Parse/Core (= 1.17.2)
  - Parse/Core (1.17.2):
    - Bolts/Tasks (~> 1.9)
  - RxAtomic (4.4.0)
  - RxSwift (4.4.0):
    - RxAtomic (~> 4.4)
  - SwiftResolver (1.0.10)
  - TPKeyboardAvoiding (1.3.2)

DEPENDENCIES:
  - Kingfisher
  - ModuleArchitecture
  - Parse
  - RxSwift
  - SwiftResolver
  - TPKeyboardAvoiding

SPEC REPOS:
  https://github.com/cocoapods/specs.git:
    - Bolts
    - Kingfisher
    - ModuleArchitecture
    - Parse
    - RxAtomic
    - RxSwift
    - SwiftResolver
    - TPKeyboardAvoiding

SPEC CHECKSUMS:
  Bolts: ac6567323eac61e203f6a9763667d0f711be34c8
  Kingfisher: fcec238063d17404fca89bf0a850583211c4cbf6
  ModuleArchitecture: eec0e6ddd7a49efa104d63273974de56ac0e227e
  Parse: 3b31a3dd1777b07ee7f0caee32fafbff544483a5
  RxAtomic: eacf60db868c96bfd63320e28619fe29c179656f
  RxSwift: 5976ecd04fc2fefd648827c23de5e11157faa973
  SwiftResolver: e841bb474f01726ed8ffc76927a19a5b4234291a
  TPKeyboardAvoiding: cb69d5ddbe90ce0170e4bc2db1e5e41d4a3ad9a4

PODFILE CHECKSUM: 0f354cd9599a25194fdfa1753cfc7cac931b3c14

COCOAPODS: 1.5.3
